// !$*UTF8*$!
{
	archiveVersion = 1;
	classes = {
	};
	objectVersion = 46;
	objects = {

/* Begin PBXBuildFile section */
		4DBE2F961B993DBD0091CE89 /* AppDelegate.swift in Sources */ = {isa = PBXBuildFile; fileRef = 4DBE2F951B993DBD0091CE89 /* AppDelegate.swift */; };
		4DBE2F981B993DBD0091CE89 /* ViewController.swift in Sources */ = {isa = PBXBuildFile; fileRef = 4DBE2F971B993DBD0091CE89 /* ViewController.swift */; };
		4DBE2F9B1B993DBD0091CE89 /* Main.storyboard in Resources */ = {isa = PBXBuildFile; fileRef = 4DBE2F991B993DBD0091CE89 /* Main.storyboard */; };
		4DBE2F9D1B993DBD0091CE89 /* Images.xcassets in Resources */ = {isa = PBXBuildFile; fileRef = 4DBE2F9C1B993DBD0091CE89 /* Images.xcassets */; };
		4DBE2FA01B993DBD0091CE89 /* LaunchScreen.xib in Resources */ = {isa = PBXBuildFile; fileRef = 4DBE2F9E1B993DBD0091CE89 /* LaunchScreen.xib */; };
		4DBE2FAC1B993DBD0091CE89 /* FirstAppTests.swift in Sources */ = {isa = PBXBuildFile; fileRef = 4DBE2FAB1B993DBD0091CE89 /* FirstAppTests.swift */; };
/* End PBXBuildFile section */

/* Begin PBXContainerItemProxy section */
		4DBE2FA61B993DBD0091CE89 /* PBXContainerItemProxy */ = {
			isa = PBXContainerItemProxy;
			containerPortal = 4DBE2F881B993DBD0091CE89 /* Project object */;
			proxyType = 1;
			remoteGlobalIDString = 4DBE2F8F1B993DBD0091CE89;
			remoteInfo = FirstApp;
		};
/* End PBXContainerItemProxy section */

/* Begin PBXFileReference section */
		4DBE2F901B993DBD0091CE89 /* FirstApp.app */ = {isa = PBXFileReference; explicitFileType = wrapper.application; includeInIndex = 0; path = FirstApp.app; sourceTree = BUILT_PRODUCTS_DIR; };
		4DBE2F941B993DBD0091CE89 /* Info.plist */ = {isa = PBXFileReference; lastKnownFileType = text.plist.xml; path = Info.plist; sourceTree = "<group>"; };
		4DBE2F951B993DBD0091CE89 /* AppDelegate.swift */ = {isa = PBXFileReference; lastKnownFileType = sourcecode.swift; path = AppDelegate.swift; sourceTree = "<group>"; };
		4DBE2F971B993DBD0091CE89 /* ViewController.swift */ = {isa = PBXFileReference; lastKnownFileType = sourcecode.swift; path = ViewController.swift; sourceTree = "<group>"; };
		4DBE2F9A1B993DBD0091CE89 /* Base */ = {isa = PBXFileReference; lastKnownFileType = file.storyboard; name = Base; path = Base.lproj/Main.storyboard; sourceTree = "<group>"; };
		4DBE2F9C1B993DBD0091CE89 /* Images.xcassets */ = {isa = PBXFileReference; lastKnownFileType = folder.assetcatalog; path = Images.xcassets; sourceTree = "<group>"; };
		4DBE2F9F1B993DBD0091CE89 /* Base */ = {isa = PBXFileReference; lastKnownFileType = file.xib; name = Base; path = Base.lproj/LaunchScreen.xib; sourceTree = "<group>"; };
		4DBE2FA51B993DBD0091CE89 /* FirstAppTests.xctest */ = {isa = PBXFileReference; explicitFileType = wrapper.cfbundle; includeInIndex = 0; path = FirstAppTests.xctest; sourceTree = BUILT_PRODUCTS_DIR; };
		4DBE2FAA1B993DBD0091CE89 /* Info.plist */ = {isa = PBXFileReference; lastKnownFileType = text.plist.xml; path = Info.plist; sourceTree = "<group>"; };
		4DBE2FAB1B993DBD0091CE89 /* FirstAppTests.swift */ = {isa = PBXFileReference; lastKnownFileType = sourcecode.swift; path = FirstAppTests.swift; sourceTree = "<group>"; };
/* End PBXFileReference section */

/* Begin PBXFrameworksBuildPhase section */
		4DBE2F8D1B993DBD0091CE89 /* Frameworks */ = {
			isa = PBXFrameworksBuildPhase;
			buildActionMask = 2147483647;
			files = (
			);
			runOnlyForDeploymentPostprocessing = 0;
		};
		4DBE2FA21B993DBD0091CE89 /* Frameworks */ = {
			isa = PBXFrameworksBuildPhase;
			buildActionMask = 2147483647;
			files = (
			);
			runOnlyForDeploymentPostprocessing = 0;
		};
/* End PBXFrameworksBuildPhase section */

/* Begin PBXGroup section */
		4DBE2F871B993DBD0091CE89 = {
			isa = PBXGroup;
			children = (
				4DBE2F921B993DBD0091CE89 /* FirstApp */,
				4DBE2FA81B993DBD0091CE89 /* FirstAppTests */,
				4DBE2F911B993DBD0091CE89 /* Products */,
			);
			sourceTree = "<group>";
		};
		4DBE2F911B993DBD0091CE89 /* Products */ = {
			isa = PBXGroup;
			children = (
				4DBE2F901B993DBD0091CE89 /* FirstApp.app */,
				4DBE2FA51B993DBD0091CE89 /* FirstAppTests.xctest */,
			);
			name = Products;
			sourceTree = "<group>";
		};
		4DBE2F921B993DBD0091CE89 /* FirstApp */ = {
			isa = PBXGroup;
			children = (
				4DBE2F951B993DBD0091CE89 /* AppDelegate.swift */,
				4DBE2F971B993DBD0091CE89 /* ViewController.swift */,
				4DBE2F991B993DBD0091CE89 /* Main.storyboard */,
				4DBE2F9C1B993DBD0091CE89 /* Images.xcassets */,
				4DBE2F9E1B993DBD0091CE89 /* LaunchScreen.xib */,
				4DBE2F931B993DBD0091CE89 /* Supporting Files */,
			);
			path = FirstApp;
			sourceTree = "<group>";
		};
		4DBE2F931B993DBD0091CE89 /* Supporting Files */ = {
			isa = PBXGroup;
			children = (
				4DBE2F941B993DBD0091CE89 /* Info.plist */,
			);
			name = "Supporting Files";
			sourceTree = "<group>";
		};
		4DBE2FA81B993DBD0091CE89 /* FirstAppTests */ = {
			isa = PBXGroup;
			children = (
				4DBE2FAB1B993DBD0091CE89 /* FirstAppTests.swift */,
				4DBE2FA91B993DBD0091CE89 /* Supporting Files */,
			);
			path = FirstAppTests;
			sourceTree = "<group>";
		};
		4DBE2FA91B993DBD0091CE89 /* Supporting Files */ = {
			isa = PBXGroup;
			children = (
				4DBE2FAA1B993DBD0091CE89 /* Info.plist */,
			);
			name = "Supporting Files";
			sourceTree = "<group>";
		};
/* End PBXGroup section */

/* Begin PBXNativeTarget section */
		4DBE2F8F1B993DBD0091CE89 /* FirstApp */ = {
			isa = PBXNativeTarget;
			buildConfigurationList = 4DBE2FAF1B993DBD0091CE89 /* Build configuration list for PBXNativeTarget "FirstApp" */;
			buildPhases = (
				4DBE2F8C1B993DBD0091CE89 /* Sources */,
				4DBE2F8D1B993DBD0091CE89 /* Frameworks */,
				4DBE2F8E1B993DBD0091CE89 /* Resources */,
			);
			buildRules = (
			);
			dependencies = (
			);
			name = FirstApp;
			productName = FirstApp;
			productReference = 4DBE2F901B993DBD0091CE89 /* FirstApp.app */;
			productType = "com.apple.product-type.application";
		};
		4DBE2FA41B993DBD0091CE89 /* FirstAppTests */ = {
			isa = PBXNativeTarget;
			buildConfigurationList = 4DBE2FB21B993DBD0091CE89 /* Build configuration list for PBXNativeTarget "FirstAppTests" */;
			buildPhases = (
				4DBE2FA11B993DBD0091CE89 /* Sources */,
				4DBE2FA21B993DBD0091CE89 /* Frameworks */,
				4DBE2FA31B993DBD0091CE89 /* Resources */,
			);
			buildRules = (
			);
			dependencies = (
				4DBE2FA71B993DBD0091CE89 /* PBXTargetDependency */,
			);
			name = FirstAppTests;
			productName = FirstAppTests;
			productReference = 4DBE2FA51B993DBD0091CE89 /* FirstAppTests.xctest */;
			productType = "com.apple.product-type.bundle.unit-test";
		};
/* End PBXNativeTarget section */

/* Begin PBXProject section */
		4DBE2F881B993DBD0091CE89 /* Project object */ = {
			isa = PBXProject;
			attributes = {
				LastSwiftMigration = 0700;
				LastSwiftUpdateCheck = 0700;
				LastUpgradeCheck = 0640;
				ORGANIZATIONNAME = "Jason Schatz";
				TargetAttributes = {
					4DBE2F8F1B993DBD0091CE89 = {
						CreatedOnToolsVersion = 6.4;
					};
					4DBE2FA41B993DBD0091CE89 = {
						CreatedOnToolsVersion = 6.4;
						TestTargetID = 4DBE2F8F1B993DBD0091CE89;
					};
				};
			};
			buildConfigurationList = 4DBE2F8B1B993DBD0091CE89 /* Build configuration list for PBXProject "FirstApp" */;
			compatibilityVersion = "Xcode 3.2";
			developmentRegion = English;
			hasScannedForEncodings = 0;
			knownRegions = (
				en,
				Base,
			);
			mainGroup = 4DBE2F871B993DBD0091CE89;
			productRefGroup = 4DBE2F911B993DBD0091CE89 /* Products */;
			projectDirPath = "";
			projectRoot = "";
			targets = (
				4DBE2F8F1B993DBD0091CE89 /* FirstApp */,
				4DBE2FA41B993DBD0091CE89 /* FirstAppTests */,
			);
		};
/* End PBXProject section */

/* Begin PBXResourcesBuildPhase section */
		4DBE2F8E1B993DBD0091CE89 /* Resources */ = {
			isa = PBXResourcesBuildPhase;
			buildActionMask = 2147483647;
			files = (
				4DBE2F9B1B993DBD0091CE89 /* Main.storyboard in Resources */,
				4DBE2FA01B993DBD0091CE89 /* LaunchScreen.xib in Resources */,
				4DBE2F9D1B993DBD0091CE89 /* Images.xcassets in Resources */,
			);
			runOnlyForDeploymentPostprocessing = 0;
		};
		4DBE2FA31B993DBD0091CE89 /* Resources */ = {
			isa = PBXResourcesBuildPhase;
			buildActionMask = 2147483647;
			files = (
			);
			runOnlyForDeploymentPostprocessing = 0;
		};
/* End PBXResourcesBuildPhase section */

/* Begin PBXSourcesBuildPhase section */
		4DBE2F8C1B993DBD0091CE89 /* Sources */ = {
			isa = PBXSourcesBuildPhase;
			buildActionMask = 2147483647;
			files = (
				4DBE2F981B993DBD0091CE89 /* ViewController.swift in Sources */,
				4DBE2F961B993DBD0091CE89 /* AppDelegate.swift in Sources */,
			);
			runOnlyForDeploymentPostprocessing = 0;
		};
		4DBE2FA11B993DBD0091CE89 /* Sources */ = {
			isa = PBXSourcesBuildPhase;
			buildActionMask = 2147483647;
			files = (
				4DBE2FAC1B993DBD0091CE89 /* FirstAppTests.swift in Sources */,
			);
			runOnlyForDeploymentPostprocessing = 0;
		};
/* End PBXSourcesBuildPhase section */

/* Begin PBXTargetDependency section */
		4DBE2FA71B993DBD0091CE89 /* PBXTargetDependency */ = {
			isa = PBXTargetDependency;
			target = 4DBE2F8F1B993DBD0091CE89 /* FirstApp */;
			targetProxy = 4DBE2FA61B993DBD0091CE89 /* PBXContainerItemProxy */;
		};
/* End PBXTargetDependency section */

/* Begin PBXVariantGroup section */
		4DBE2F991B993DBD0091CE89 /* Main.storyboard */ = {
			isa = PBXVariantGroup;
			children = (
				4DBE2F9A1B993DBD0091CE89 /* Base */,
			);
			name = Main.storyboard;
			sourceTree = "<group>";
		};
		4DBE2F9E1B993DBD0091CE89 /* LaunchScreen.xib */ = {
			isa = PBXVariantGroup;
			children = (
				4DBE2F9F1B993DBD0091CE89 /* Base */,
			);
			name = LaunchScreen.xib;
			sourceTree = "<group>";
		};
/* End PBXVariantGroup section */

/* Begin XCBuildConfiguration section */
		4DBE2FAD1B993DBD0091CE89 /* Debug */ = {
			isa = XCBuildConfiguration;
			buildSettings = {
				ALWAYS_SEARCH_USER_PATHS = NO;
				CLANG_CXX_LANGUAGE_STANDARD = "gnu++0x";
				CLANG_CXX_LIBRARY = "libc++";
				CLANG_ENABLE_MODULES = YES;
				CLANG_ENABLE_OBJC_ARC = YES;
				CLANG_WARN_BOOL_CONVERSION = YES;
				CLANG_WARN_CONSTANT_CONVERSION = YES;
				CLANG_WARN_DIRECT_OBJC_ISA_USAGE = YES_ERROR;
				CLANG_WARN_EMPTY_BODY = YES;
				CLANG_WARN_ENUM_CONVERSION = YES;
				CLANG_WARN_INT_CONVERSION = YES;
				CLANG_WARN_OBJC_ROOT_CLASS = YES_ERROR;
				CLANG_WARN_UNREACHABLE_CODE = YES;
				CLANG_WARN__DUPLICATE_METHOD_MATCH = YES;
				"CODE_SIGN_IDENTITY[sdk=iphoneos*]" = "iPhone Developer";
				COPY_PHASE_STRIP = NO;
				DEBUG_INFORMATION_FORMAT = "dwarf-with-dsym";
				ENABLE_STRICT_OBJC_MSGSEND = YES;
				GCC_C_LANGUAGE_STANDARD = gnu99;
				GCC_DYNAMIC_NO_PIC = NO;
				GCC_NO_COMMON_BLOCKS = YES;
				GCC_OPTIMIZATION_LEVEL = 0;
				GCC_PREPROCESSOR_DEFINITIONS = (
					"DEBUG=1",
					"$(inherited)",
				);
				GCC_SYMBOLS_PRIVATE_EXTERN = NO;
				GCC_WARN_64_TO_32_BIT_CONVERSION = YES;
				GCC_WARN_ABOUT_RETURN_TYPE = YES_ERROR;
				GCC_WARN_UNDECLARED_SELECTOR = YES;
				GCC_WARN_UNINITIALIZED_AUTOS = YES_AGGRESSIVE;
				GCC_WARN_UNUSED_FUNCTION = YES;
				GCC_WARN_UNUSED_VARIABLE = YES;
				IPHONEOS_DEPLOYMENT_TARGET = 8.4;
				MTL_ENABLE_DEBUG_INFO = YES;
				ONLY_ACTIVE_ARCH = YES;
				SDKROOT = iphoneos;
				SWIFT_OPTIMIZATION_LEVEL = "-Onone";
			};
			name = Debug;
		};
		4DBE2FAE1B993DBD0091CE89 /* Release */ = {
			isa = XCBuildConfiguration;
			buildSettings = {
				ALWAYS_SEARCH_USER_PATHS = NO;
				CLANG_CXX_LANGUAGE_STANDARD = "gnu++0x";
				CLANG_CXX_LIBRARY = "libc++";
				CLANG_ENABLE_MODULES = YES;
				CLANG_ENABLE_OBJC_ARC = YES;
				CLANG_WARN_BOOL_CONVERSION = YES;
				CLANG_WARN_CONSTANT_CONVERSION = YES;
				CLANG_WARN_DIRECT_OBJC_ISA_USAGE = YES_ERROR;
				CLANG_WARN_EMPTY_BODY = YES;
				CLANG_WARN_ENUM_CONVERSION = YES;
				CLANG_WARN_INT_CONVERSION = YES;
				CLANG_WARN_OBJC_ROOT_CLASS = YES_ERROR;
				CLANG_WARN_UNREACHABLE_CODE = YES;
				CLANG_WARN__DUPLICATE_METHOD_MATCH = YES;
				"CODE_SIGN_IDENTITY[sdk=iphoneos*]" = "iPhone Developer";
				COPY_PHASE_STRIP = NO;
				DEBUG_INFORMATION_FORMAT = "dwarf-with-dsym";
				ENABLE_NS_ASSERTIONS = NO;
				ENABLE_STRICT_OBJC_MSGSEND = YES;
				GCC_C_LANGUAGE_STANDARD = gnu99;
				GCC_NO_COMMON_BLOCKS = YES;
				GCC_WARN_64_TO_32_BIT_CONVERSION = YES;
				GCC_WARN_ABOUT_RETURN_TYPE = YES_ERROR;
				GCC_WARN_UNDECLARED_SELECTOR = YES;
				GCC_WARN_UNINITIALIZED_AUTOS = YES_AGGRESSIVE;
				GCC_WARN_UNUSED_FUNCTION = YES;
				GCC_WARN_UNUSED_VARIABLE = YES;
				IPHONEOS_DEPLOYMENT_TARGET = 8.4;
				MTL_ENABLE_DEBUG_INFO = NO;
				SDKROOT = iphoneos;
				VALIDATE_PRODUCT = YES;
			};
			name = Release;
		};
		4DBE2FB01B993DBD0091CE89 /* Debug */ = {
			isa = XCBuildConfiguration;
			buildSettings = {
				ASSETCATALOG_COMPILER_APPICON_NAME = AppIcon;
				INFOPLIST_FILE = FirstApp/Info.plist;
				LD_RUNPATH_SEARCH_PATHS = "$(inherited) @executable_path/Frameworks";
				PRODUCT_NAME = "$(TARGET_NAME)";
			};
			name = Debug;
		};
		4DBE2FB11B993DBD0091CE89 /* Release */ = {
			isa = XCBuildConfiguration;
			buildSettings = {
				ASSETCATALOG_COMPILER_APPICON_NAME = AppIcon;
				INFOPLIST_FILE = FirstApp/Info.plist;
				LD_RUNPATH_SEARCH_PATHS = "$(inherited) @executable_path/Frameworks";
				PRODUCT_NAME = "$(TARGET_NAME)";
			};
			name = Release;
		};
		4DBE2FB31B993DBD0091CE89 /* Debug */ = {
			isa = XCBuildConfiguration;
			buildSettings = {
				BUNDLE_LOADER = "$(TEST_HOST)";
				FRAMEWORK_SEARCH_PATHS = (
					"$(SDKROOT)/Developer/Library/Frameworks",
					"$(inherited)",
				);
				GCC_PREPROCESSOR_DEFINITIONS = (
					"DEBUG=1",
					"$(inherited)",
				);
				INFOPLIST_FILE = FirstAppTests/Info.plist;
				LD_RUNPATH_SEARCH_PATHS = "$(inherited) @executable_path/Frameworks @loader_path/Frameworks";
				PRODUCT_NAME = "$(TARGET_NAME)";
				TEST_HOST = "$(BUILT_PRODUCTS_DIR)/FirstApp.app/FirstApp";
			};
			name = Debug;
		};
		4DBE2FB41B993DBD0091CE89 /* Release */ = {
			isa = XCBuildConfiguration;
			buildSettings = {
				BUNDLE_LOADER = "$(TEST_HOST)";
				FRAMEWORK_SEARCH_PATHS = (
					"$(SDKROOT)/Developer/Library/Frameworks",
					"$(inherited)",
				);
				INFOPLIST_FILE = FirstAppTests/Info.plist;
				LD_RUNPATH_SEARCH_PATHS = "$(inherited) @executable_path/Frameworks @loader_path/Frameworks";
				PRODUCT_NAME = "$(TARGET_NAME)";
				TEST_HOST = "$(BUILT_PRODUCTS_DIR)/FirstApp.app/FirstApp";
			};
			name = Release;
		};
/* End XCBuildConfiguration section */

/* Begin XCConfigurationList section */
		4DBE2F8B1B993DBD0091CE89 /* Build configuration list for PBXProject "FirstApp" */ = {
			isa = XCConfigurationList;
			buildConfigurations = (
				4DBE2FAD1B993DBD0091CE89 /* Debug */,
				4DBE2FAE1B993DBD0091CE89 /* Release */,
			);
			defaultConfigurationIsVisible = 0;
			defaultConfigurationName = Release;
		};
		4DBE2FAF1B993DBD0091CE89 /* Build configuration list for PBXNativeTarget "FirstApp" */ = {
			isa = XCConfigurationList;
			buildConfigurations = (
				4DBE2FB01B993DBD0091CE89 /* Debug */,
				4DBE2FB11B993DBD0091CE89 /* Release */,
			);
			defaultConfigurationIsVisible = 0;
			defaultConfigurationName = Release;
		};
		4DBE2FB21B993DBD0091CE89 /* Build configuration list for PBXNativeTarget "FirstAppTests" */ = {
			isa = XCConfigurationList;
			buildConfigurations = (
				4DBE2FB31B993DBD0091CE89 /* Debug */,
				4DBE2FB41B993DBD0091CE89 /* Release */,
			);
			defaultConfigurationIsVisible = 0;
			defaultConfigurationName = Release;
		};
/* End XCConfigurationList section */
	};
	rootObject = 4DBE2F881B993DBD0091CE89 /* Project object */;
}
